// !$*UTF8*$!
{
	archiveVersion = 1;
	classes = {
	};
	objectVersion = 56;
	objects = {

/* Begin PBXBuildFile section */
		CE1A8CD22D252048001E76AE /* 689-MaximumSumOf3NonOverlappingSubarrays.swift in Sources */ = {isa = PBXBuildFile; fileRef = CE1A8CD12D252048001E76AE /* 689-MaximumSumOf3NonOverlappingSubarrays.swift */; };
		CE1A8CD42D25280F001E76AE /* 1422-MaximumScoreAfterSplittingAString.swift in Sources */ = {isa = PBXBuildFile; fileRef = CE1A8CD32D25280F001E76AE /* 1422-MaximumScoreAfterSplittingAString.swift */; };
		CE1A8CD62D252E13001E76AE /* 1137-NthTribonacciNumber.swift in Sources */ = {isa = PBXBuildFile; fileRef = CE1A8CD52D252E13001E76AE /* 1137-NthTribonacciNumber.swift */; };
		CE1A8CD82D253325001E76AE /* 643-MaximumAverageSubarray.swift in Sources */ = {isa = PBXBuildFile; fileRef = CE1A8CD72D253325001E76AE /* 643-MaximumAverageSubarray.swift */; };
		CE8CB5632D1FD4EF006B64B5 /* main.swift in Sources */ = {isa = PBXBuildFile; fileRef = CE8CB5622D1FD4EF006B64B5 /* main.swift */; };
		CED1CA632D2826C90083C596 /* 2270-NumberOfWaysToSplitArray.swift in Sources */ = {isa = PBXBuildFile; fileRef = CED1CA622D2826C90083C596 /* 2270-NumberOfWaysToSplitArray.swift */; };
		CED1CA652D28302A0083C596 /* 746-MinCostClimbingStairs.swift in Sources */ = {isa = PBXBuildFile; fileRef = CED1CA642D28302A0083C596 /* 746-MinCostClimbingStairs.swift */; };
		CED1CA672D28359D0083C596 /* 2390-RemovingStarsFromAString.swift in Sources */ = {isa = PBXBuildFile; fileRef = CED1CA662D28359D0083C596 /* 2390-RemovingStarsFromAString.swift */; };
		CED1CA692D2925CE0083C596 /* 1930-UniqueLengthPalindromicSubsequences.swift in Sources */ = {isa = PBXBuildFile; fileRef = CED1CA682D2925CE0083C596 /* 1930-UniqueLengthPalindromicSubsequences.swift */; };
		CED1CA6B2D292B680083C596 /* 1732-FindTheHighestAltitude.swift in Sources */ = {isa = PBXBuildFile; fileRef = CED1CA6A2D292B680083C596 /* 1732-FindTheHighestAltitude.swift */; };
		CED1CA6D2D292DB90083C596 /* 1768-MergeStringsAlternately.swift in Sources */ = {isa = PBXBuildFile; fileRef = CED1CA6C2D292DB90083C596 /* 1768-MergeStringsAlternately.swift */; };
		CED1CA6F2D2935D20083C596 /* 151-ReverseWordsInAString.swift in Sources */ = {isa = PBXBuildFile; fileRef = CED1CA6E2D2935D20083C596 /* 151-ReverseWordsInAString.swift */; };
		CED1CA712D293E410083C596 /* 104-MaximumDepthOfBinaryTree.swift in Sources */ = {isa = PBXBuildFile; fileRef = CED1CA702D293E410083C596 /* 104-MaximumDepthOfBinaryTree.swift */; };
		CED1CA732D2AA0920083C596 /* 2215-FindTheDifferenceOfTwoArrays.swift in Sources */ = {isa = PBXBuildFile; fileRef = CED1CA722D2AA0920083C596 /* 2215-FindTheDifferenceOfTwoArrays.swift */; };
		CED1CA752D2AA4E80083C596 /* 933-NumberOfRecentCalls.swift in Sources */ = {isa = PBXBuildFile; fileRef = CED1CA742D2AA4E80083C596 /* 933-NumberOfRecentCalls.swift */; };
		CED1CA772D2AC3DA0083C596 /* 2095-DeleteTheMiddleNodeOfLinkedList.swift in Sources */ = {isa = PBXBuildFile; fileRef = CED1CA762D2AC3DA0083C596 /* 2095-DeleteTheMiddleNodeOfLinkedList.swift */; };
		CED1CA792D2AC77E0083C596 /* 199-BinaryTreeRightSideView.swift in Sources */ = {isa = PBXBuildFile; fileRef = CED1CA782D2AC77E0083C596 /* 199-BinaryTreeRightSideView.swift */; };
		CED1CA7B2D2ACB7D0083C596 /* 841-KeysAndRooms.swift in Sources */ = {isa = PBXBuildFile; fileRef = CED1CA7A2D2ACB7D0083C596 /* 841-KeysAndRooms.swift */; };
/* End PBXBuildFile section */

/* Begin PBXCopyFilesBuildPhase section */
		CE8CB55D2D1FD4EF006B64B5 /* CopyFiles */ = {
			isa = PBXCopyFilesBuildPhase;
			buildActionMask = 2147483647;
			dstPath = /usr/share/man/man1/;
			dstSubfolderSpec = 0;
			files = (
			);
			runOnlyForDeploymentPostprocessing = 1;
		};
/* End PBXCopyFilesBuildPhase section */

/* Begin PBXFileReference section */
		CE1A8CD12D252048001E76AE /* 689-MaximumSumOf3NonOverlappingSubarrays.swift */ = {isa = PBXFileReference; lastKnownFileType = sourcecode.swift; path = "689-MaximumSumOf3NonOverlappingSubarrays.swift"; sourceTree = "<group>"; };
		CE1A8CD32D25280F001E76AE /* 1422-MaximumScoreAfterSplittingAString.swift */ = {isa = PBXFileReference; lastKnownFileType = sourcecode.swift; path = "1422-MaximumScoreAfterSplittingAString.swift"; sourceTree = "<group>"; };
		CE1A8CD52D252E13001E76AE /* 1137-NthTribonacciNumber.swift */ = {isa = PBXFileReference; lastKnownFileType = sourcecode.swift; path = "1137-NthTribonacciNumber.swift"; sourceTree = "<group>"; };
		CE1A8CD72D253325001E76AE /* 643-MaximumAverageSubarray.swift */ = {isa = PBXFileReference; lastKnownFileType = sourcecode.swift; path = "643-MaximumAverageSubarray.swift"; sourceTree = "<group>"; };
		CE8CB55F2D1FD4EF006B64B5 /* leetcode-algorithms */ = {isa = PBXFileReference; explicitFileType = "compiled.mach-o.executable"; includeInIndex = 0; path = "leetcode-algorithms"; sourceTree = BUILT_PRODUCTS_DIR; };
		CE8CB5622D1FD4EF006B64B5 /* main.swift */ = {isa = PBXFileReference; lastKnownFileType = sourcecode.swift; path = main.swift; sourceTree = "<group>"; };
		CED1CA622D2826C90083C596 /* 2270-NumberOfWaysToSplitArray.swift */ = {isa = PBXFileReference; lastKnownFileType = sourcecode.swift; path = "2270-NumberOfWaysToSplitArray.swift"; sourceTree = "<group>"; };
		CED1CA642D28302A0083C596 /* 746-MinCostClimbingStairs.swift */ = {isa = PBXFileReference; lastKnownFileType = sourcecode.swift; path = "746-MinCostClimbingStairs.swift"; sourceTree = "<group>"; };
		CED1CA662D28359D0083C596 /* 2390-RemovingStarsFromAString.swift */ = {isa = PBXFileReference; lastKnownFileType = sourcecode.swift; path = "2390-RemovingStarsFromAString.swift"; sourceTree = "<group>"; };
		CED1CA682D2925CE0083C596 /* 1930-UniqueLengthPalindromicSubsequences.swift */ = {isa = PBXFileReference; lastKnownFileType = sourcecode.swift; path = "1930-UniqueLengthPalindromicSubsequences.swift"; sourceTree = "<group>"; };
		CED1CA6A2D292B680083C596 /* 1732-FindTheHighestAltitude.swift */ = {isa = PBXFileReference; lastKnownFileType = sourcecode.swift; path = "1732-FindTheHighestAltitude.swift"; sourceTree = "<group>"; };
		CED1CA6C2D292DB90083C596 /* 1768-MergeStringsAlternately.swift */ = {isa = PBXFileReference; lastKnownFileType = sourcecode.swift; path = "1768-MergeStringsAlternately.swift"; sourceTree = "<group>"; };
		CED1CA6E2D2935D20083C596 /* 151-ReverseWordsInAString.swift */ = {isa = PBXFileReference; lastKnownFileType = sourcecode.swift; path = "151-ReverseWordsInAString.swift"; sourceTree = "<group>"; };
		CED1CA702D293E410083C596 /* 104-MaximumDepthOfBinaryTree.swift */ = {isa = PBXFileReference; lastKnownFileType = sourcecode.swift; path = "104-MaximumDepthOfBinaryTree.swift"; sourceTree = "<group>"; };
		CED1CA722D2AA0920083C596 /* 2215-FindTheDifferenceOfTwoArrays.swift */ = {isa = PBXFileReference; lastKnownFileType = sourcecode.swift; path = "2215-FindTheDifferenceOfTwoArrays.swift"; sourceTree = "<group>"; };
		CED1CA742D2AA4E80083C596 /* 933-NumberOfRecentCalls.swift */ = {isa = PBXFileReference; lastKnownFileType = sourcecode.swift; path = "933-NumberOfRecentCalls.swift"; sourceTree = "<group>"; };
		CED1CA762D2AC3DA0083C596 /* 2095-DeleteTheMiddleNodeOfLinkedList.swift */ = {isa = PBXFileReference; lastKnownFileType = sourcecode.swift; path = "2095-DeleteTheMiddleNodeOfLinkedList.swift"; sourceTree = "<group>"; };
		CED1CA782D2AC77E0083C596 /* 199-BinaryTreeRightSideView.swift */ = {isa = PBXFileReference; lastKnownFileType = sourcecode.swift; path = "199-BinaryTreeRightSideView.swift"; sourceTree = "<group>"; };
		CED1CA7A2D2ACB7D0083C596 /* 841-KeysAndRooms.swift */ = {isa = PBXFileReference; lastKnownFileType = sourcecode.swift; path = "841-KeysAndRooms.swift"; sourceTree = "<group>"; };
/* End PBXFileReference section */

/* Begin PBXFrameworksBuildPhase section */
		CE8CB55C2D1FD4EF006B64B5 /* Frameworks */ = {
			isa = PBXFrameworksBuildPhase;
			buildActionMask = 2147483647;
			files = (
			);
			runOnlyForDeploymentPostprocessing = 0;
		};
/* End PBXFrameworksBuildPhase section */

/* Begin PBXGroup section */
		CE8CB5562D1FD4EF006B64B5 = {
			isa = PBXGroup;
			children = (
				CE8CB5612D1FD4EF006B64B5 /* leetcode-algorithms */,
				CE8CB5602D1FD4EF006B64B5 /* Products */,
			);
			sourceTree = "<group>";
		};
		CE8CB5602D1FD4EF006B64B5 /* Products */ = {
			isa = PBXGroup;
			children = (
				CE8CB55F2D1FD4EF006B64B5 /* leetcode-algorithms */,
			);
			name = Products;
			sourceTree = "<group>";
		};
		CE8CB5612D1FD4EF006B64B5 /* leetcode-algorithms */ = {
			isa = PBXGroup;
			children = (
				CE8CB5622D1FD4EF006B64B5 /* main.swift */,
				CE1A8CD12D252048001E76AE /* 689-MaximumSumOf3NonOverlappingSubarrays.swift */,
				CE1A8CD32D25280F001E76AE /* 1422-MaximumScoreAfterSplittingAString.swift */,
				CE1A8CD52D252E13001E76AE /* 1137-NthTribonacciNumber.swift */,
				CE1A8CD72D253325001E76AE /* 643-MaximumAverageSubarray.swift */,
				CED1CA622D2826C90083C596 /* 2270-NumberOfWaysToSplitArray.swift */,
				CED1CA642D28302A0083C596 /* 746-MinCostClimbingStairs.swift */,
				CED1CA662D28359D0083C596 /* 2390-RemovingStarsFromAString.swift */,
				CED1CA682D2925CE0083C596 /* 1930-UniqueLengthPalindromicSubsequences.swift */,
				CED1CA6A2D292B680083C596 /* 1732-FindTheHighestAltitude.swift */,
				CED1CA6C2D292DB90083C596 /* 1768-MergeStringsAlternately.swift */,
				CED1CA6E2D2935D20083C596 /* 151-ReverseWordsInAString.swift */,
				CED1CA702D293E410083C596 /* 104-MaximumDepthOfBinaryTree.swift */,
				CED1CA722D2AA0920083C596 /* 2215-FindTheDifferenceOfTwoArrays.swift */,
				CED1CA742D2AA4E80083C596 /* 933-NumberOfRecentCalls.swift */,
				CED1CA762D2AC3DA0083C596 /* 2095-DeleteTheMiddleNodeOfLinkedList.swift */,
				CED1CA782D2AC77E0083C596 /* 199-BinaryTreeRightSideView.swift */,
				CED1CA7A2D2ACB7D0083C596 /* 841-KeysAndRooms.swift */,
			);
			path = "leetcode-algorithms";
			sourceTree = "<group>";
		};
/* End PBXGroup section */

/* Begin PBXNativeTarget section */
		CE8CB55E2D1FD4EF006B64B5 /* leetcode-algorithms */ = {
			isa = PBXNativeTarget;
			buildConfigurationList = CE8CB5662D1FD4EF006B64B5 /* Build configuration list for PBXNativeTarget "leetcode-algorithms" */;
			buildPhases = (
				CE8CB55B2D1FD4EF006B64B5 /* Sources */,
				CE8CB55C2D1FD4EF006B64B5 /* Frameworks */,
				CE8CB55D2D1FD4EF006B64B5 /* CopyFiles */,
			);
			buildRules = (
			);
			dependencies = (
			);
			name = "leetcode-algorithms";
			productName = "leetcode-algorithms";
			productReference = CE8CB55F2D1FD4EF006B64B5 /* leetcode-algorithms */;
			productType = "com.apple.product-type.tool";
		};
/* End PBXNativeTarget section */

/* Begin PBXProject section */
		CE8CB5572D1FD4EF006B64B5 /* Project object */ = {
			isa = PBXProject;
			attributes = {
				BuildIndependentTargetsInParallel = 1;
				LastSwiftUpdateCheck = 1540;
				LastUpgradeCheck = 1540;
				TargetAttributes = {
					CE8CB55E2D1FD4EF006B64B5 = {
						CreatedOnToolsVersion = 15.4;
					};
				};
			};
			buildConfigurationList = CE8CB55A2D1FD4EF006B64B5 /* Build configuration list for PBXProject "leetcode-algorithms" */;
			compatibilityVersion = "Xcode 14.0";
			developmentRegion = en;
			hasScannedForEncodings = 0;
			knownRegions = (
				en,
				Base,
			);
			mainGroup = CE8CB5562D1FD4EF006B64B5;
			productRefGroup = CE8CB5602D1FD4EF006B64B5 /* Products */;
			projectDirPath = "";
			projectRoot = "";
			targets = (
				CE8CB55E2D1FD4EF006B64B5 /* leetcode-algorithms */,
			);
		};
/* End PBXProject section */

/* Begin PBXSourcesBuildPhase section */
		CE8CB55B2D1FD4EF006B64B5 /* Sources */ = {
			isa = PBXSourcesBuildPhase;
			buildActionMask = 2147483647;
			files = (
				CED1CA792D2AC77E0083C596 /* 199-BinaryTreeRightSideView.swift in Sources */,
				CED1CA6B2D292B680083C596 /* 1732-FindTheHighestAltitude.swift in Sources */,
				CED1CA7B2D2ACB7D0083C596 /* 841-KeysAndRooms.swift in Sources */,
				CE1A8CD22D252048001E76AE /* 689-MaximumSumOf3NonOverlappingSubarrays.swift in Sources */,
				CED1CA752D2AA4E80083C596 /* 933-NumberOfRecentCalls.swift in Sources */,
				CED1CA772D2AC3DA0083C596 /* 2095-DeleteTheMiddleNodeOfLinkedList.swift in Sources */,
				CED1CA672D28359D0083C596 /* 2390-RemovingStarsFromAString.swift in Sources */,
				CED1CA6D2D292DB90083C596 /* 1768-MergeStringsAlternately.swift in Sources */,
				CED1CA6F2D2935D20083C596 /* 151-ReverseWordsInAString.swift in Sources */,
				CE1A8CD82D253325001E76AE /* 643-MaximumAverageSubarray.swift in Sources */,
				CE1A8CD42D25280F001E76AE /* 1422-MaximumScoreAfterSplittingAString.swift in Sources */,
				CED1CA712D293E410083C596 /* 104-MaximumDepthOfBinaryTree.swift in Sources */,
				CE8CB5632D1FD4EF006B64B5 /* main.swift in Sources */,
				CED1CA652D28302A0083C596 /* 746-MinCostClimbingStairs.swift in Sources */,
				CED1CA632D2826C90083C596 /* 2270-NumberOfWaysToSplitArray.swift in Sources */,
				CED1CA692D2925CE0083C596 /* 1930-UniqueLengthPalindromicSubsequences.swift in Sources */,
				CE1A8CD62D252E13001E76AE /* 1137-NthTribonacciNumber.swift in Sources */,
				CED1CA732D2AA0920083C596 /* 2215-FindTheDifferenceOfTwoArrays.swift in Sources */,
			);
			runOnlyForDeploymentPostprocessing = 0;
		};
/* End PBXSourcesBuildPhase section */

/* Begin XCBuildConfiguration section */
		CE8CB5642D1FD4EF006B64B5 /* Debug */ = {
			isa = XCBuildConfiguration;
			buildSettings = {
				ALWAYS_SEARCH_USER_PATHS = NO;
				ASSETCATALOG_COMPILER_GENERATE_SWIFT_ASSET_SYMBOL_EXTENSIONS = YES;
				CLANG_ANALYZER_NONNULL = YES;
				CLANG_ANALYZER_NUMBER_OBJECT_CONVERSION = YES_AGGRESSIVE;
				CLANG_CXX_LANGUAGE_STANDARD = "gnu++20";
				CLANG_ENABLE_MODULES = YES;
				CLANG_ENABLE_OBJC_ARC = YES;
				CLANG_ENABLE_OBJC_WEAK = YES;
				CLANG_WARN_BLOCK_CAPTURE_AUTORELEASING = YES;
				CLANG_WARN_BOOL_CONVERSION = YES;
				CLANG_WARN_COMMA = YES;
				CLANG_WARN_CONSTANT_CONVERSION = YES;
				CLANG_WARN_DEPRECATED_OBJC_IMPLEMENTATIONS = YES;
				CLANG_WARN_DIRECT_OBJC_ISA_USAGE = YES_ERROR;
				CLANG_WARN_DOCUMENTATION_COMMENTS = YES;
				CLANG_WARN_EMPTY_BODY = YES;
				CLANG_WARN_ENUM_CONVERSION = YES;
				CLANG_WARN_INFINITE_RECURSION = YES;
				CLANG_WARN_INT_CONVERSION = YES;
				CLANG_WARN_NON_LITERAL_NULL_CONVERSION = YES;
				CLANG_WARN_OBJC_IMPLICIT_RETAIN_SELF = YES;
				CLANG_WARN_OBJC_LITERAL_CONVERSION = YES;
				CLANG_WARN_OBJC_ROOT_CLASS = YES_ERROR;
				CLANG_WARN_QUOTED_INCLUDE_IN_FRAMEWORK_HEADER = YES;
				CLANG_WARN_RANGE_LOOP_ANALYSIS = YES;
				CLANG_WARN_STRICT_PROTOTYPES = YES;
				CLANG_WARN_SUSPICIOUS_MOVE = YES;
				CLANG_WARN_UNGUARDED_AVAILABILITY = YES_AGGRESSIVE;
				CLANG_WARN_UNREACHABLE_CODE = YES;
				CLANG_WARN__DUPLICATE_METHOD_MATCH = YES;
				COPY_PHASE_STRIP = NO;
				DEBUG_INFORMATION_FORMAT = dwarf;
				ENABLE_STRICT_OBJC_MSGSEND = YES;
				ENABLE_TESTABILITY = YES;
				ENABLE_USER_SCRIPT_SANDBOXING = YES;
				GCC_C_LANGUAGE_STANDARD = gnu17;
				GCC_DYNAMIC_NO_PIC = NO;
				GCC_NO_COMMON_BLOCKS = YES;
				GCC_OPTIMIZATION_LEVEL = 0;
				GCC_PREPROCESSOR_DEFINITIONS = (
					"DEBUG=1",
					"$(inherited)",
				);
				GCC_WARN_64_TO_32_BIT_CONVERSION = YES;
				GCC_WARN_ABOUT_RETURN_TYPE = YES_ERROR;
				GCC_WARN_UNDECLARED_SELECTOR = YES;
				GCC_WARN_UNINITIALIZED_AUTOS = YES_AGGRESSIVE;
				GCC_WARN_UNUSED_FUNCTION = YES;
				GCC_WARN_UNUSED_VARIABLE = YES;
				LOCALIZATION_PREFERS_STRING_CATALOGS = YES;
				MACOSX_DEPLOYMENT_TARGET = 14.1;
				MTL_ENABLE_DEBUG_INFO = INCLUDE_SOURCE;
				MTL_FAST_MATH = YES;
				ONLY_ACTIVE_ARCH = YES;
				SDKROOT = macosx;
				SWIFT_ACTIVE_COMPILATION_CONDITIONS = "DEBUG $(inherited)";
				SWIFT_OPTIMIZATION_LEVEL = "-Onone";
			};
			name = Debug;
		};
		CE8CB5652D1FD4EF006B64B5 /* Release */ = {
			isa = XCBuildConfiguration;
			buildSettings = {
				ALWAYS_SEARCH_USER_PATHS = NO;
				ASSETCATALOG_COMPILER_GENERATE_SWIFT_ASSET_SYMBOL_EXTENSIONS = YES;
				CLANG_ANALYZER_NONNULL = YES;
				CLANG_ANALYZER_NUMBER_OBJECT_CONVERSION = YES_AGGRESSIVE;
				CLANG_CXX_LANGUAGE_STANDARD = "gnu++20";
				CLANG_ENABLE_MODULES = YES;
				CLANG_ENABLE_OBJC_ARC = YES;
				CLANG_ENABLE_OBJC_WEAK = YES;
				CLANG_WARN_BLOCK_CAPTURE_AUTORELEASING = YES;
				CLANG_WARN_BOOL_CONVERSION = YES;
				CLANG_WARN_COMMA = YES;
				CLANG_WARN_CONSTANT_CONVERSION = YES;
				CLANG_WARN_DEPRECATED_OBJC_IMPLEMENTATIONS = YES;
				CLANG_WARN_DIRECT_OBJC_ISA_USAGE = YES_ERROR;
				CLANG_WARN_DOCUMENTATION_COMMENTS = YES;
				CLANG_WARN_EMPTY_BODY = YES;
				CLANG_WARN_ENUM_CONVERSION = YES;
				CLANG_WARN_INFINITE_RECURSION = YES;
				CLANG_WARN_INT_CONVERSION = YES;
				CLANG_WARN_NON_LITERAL_NULL_CONVERSION = YES;
				CLANG_WARN_OBJC_IMPLICIT_RETAIN_SELF = YES;
				CLANG_WARN_OBJC_LITERAL_CONVERSION = YES;
				CLANG_WARN_OBJC_ROOT_CLASS = YES_ERROR;
				CLANG_WARN_QUOTED_INCLUDE_IN_FRAMEWORK_HEADER = YES;
				CLANG_WARN_RANGE_LOOP_ANALYSIS = YES;
				CLANG_WARN_STRICT_PROTOTYPES = YES;
				CLANG_WARN_SUSPICIOUS_MOVE = YES;
				CLANG_WARN_UNGUARDED_AVAILABILITY = YES_AGGRESSIVE;
				CLANG_WARN_UNREACHABLE_CODE = YES;
				CLANG_WARN__DUPLICATE_METHOD_MATCH = YES;
				COPY_PHASE_STRIP = NO;
				DEBUG_INFORMATION_FORMAT = "dwarf-with-dsym";
				ENABLE_NS_ASSERTIONS = NO;
				ENABLE_STRICT_OBJC_MSGSEND = YES;
				ENABLE_USER_SCRIPT_SANDBOXING = YES;
				GCC_C_LANGUAGE_STANDARD = gnu17;
				GCC_NO_COMMON_BLOCKS = YES;
				GCC_WARN_64_TO_32_BIT_CONVERSION = YES;
				GCC_WARN_ABOUT_RETURN_TYPE = YES_ERROR;
				GCC_WARN_UNDECLARED_SELECTOR = YES;
				GCC_WARN_UNINITIALIZED_AUTOS = YES_AGGRESSIVE;
				GCC_WARN_UNUSED_FUNCTION = YES;
				GCC_WARN_UNUSED_VARIABLE = YES;
				LOCALIZATION_PREFERS_STRING_CATALOGS = YES;
				MACOSX_DEPLOYMENT_TARGET = 14.1;
				MTL_ENABLE_DEBUG_INFO = NO;
				MTL_FAST_MATH = YES;
				SDKROOT = macosx;
				SWIFT_COMPILATION_MODE = wholemodule;
			};
			name = Release;
		};
		CE8CB5672D1FD4EF006B64B5 /* Debug */ = {
			isa = XCBuildConfiguration;
			buildSettings = {
				CODE_SIGN_STYLE = Automatic;
				DEVELOPMENT_TEAM = PMHHQW4N99;
				ENABLE_HARDENED_RUNTIME = YES;
				PRODUCT_NAME = "$(TARGET_NAME)";
				SWIFT_VERSION = 5.0;
			};
			name = Debug;
		};
		CE8CB5682D1FD4EF006B64B5 /* Release */ = {
			isa = XCBuildConfiguration;
			buildSettings = {
				CODE_SIGN_STYLE = Automatic;
				DEVELOPMENT_TEAM = PMHHQW4N99;
				ENABLE_HARDENED_RUNTIME = YES;
				PRODUCT_NAME = "$(TARGET_NAME)";
				SWIFT_VERSION = 5.0;
			};
			name = Release;
		};
/* End XCBuildConfiguration section */

/* Begin XCConfigurationList section */
		CE8CB55A2D1FD4EF006B64B5 /* Build configuration list for PBXProject "leetcode-algorithms" */ = {
			isa = XCConfigurationList;
			buildConfigurations = (
				CE8CB5642D1FD4EF006B64B5 /* Debug */,
				CE8CB5652D1FD4EF006B64B5 /* Release */,
			);
			defaultConfigurationIsVisible = 0;
			defaultConfigurationName = Release;
		};
		CE8CB5662D1FD4EF006B64B5 /* Build configuration list for PBXNativeTarget "leetcode-algorithms" */ = {
			isa = XCConfigurationList;
			buildConfigurations = (
				CE8CB5672D1FD4EF006B64B5 /* Debug */,
				CE8CB5682D1FD4EF006B64B5 /* Release */,
			);
			defaultConfigurationIsVisible = 0;
			defaultConfigurationName = Release;
		};
/* End XCConfigurationList section */
	};
	rootObject = CE8CB5572D1FD4EF006B64B5 /* Project object */;
}
