// !$*UTF8*$!
{
	archiveVersion = 1;
	classes = {
	};
	objectVersion = 56;
	objects = {

/* Begin PBXBuildFile section */
		CE02A07E2D3D60A800117FEC /* 216-CombinationSum3.swift in Sources */ = {isa = PBXBuildFile; fileRef = CE02A07D2D3D60A800117FEC /* 216-CombinationSum3.swift */; };
		CE02A0802D3D76BB00117FEC /* 1143-LongestCommonSubsequence.swift in Sources */ = {isa = PBXBuildFile; fileRef = CE02A07F2D3D76BB00117FEC /* 1143-LongestCommonSubsequence.swift */; };
		CE05EB042D4B77BC00E7682A /* 72-EditDistance.swift in Sources */ = {isa = PBXBuildFile; fileRef = CE05EB032D4B77BC00E7682A /* 72-EditDistance.swift */; };
		CE05EB062D4B7C0B00E7682A /* 1657-DetermineIfTwoStringsAreClose.swift in Sources */ = {isa = PBXBuildFile; fileRef = CE05EB052D4B7C0B00E7682A /* 1657-DetermineIfTwoStringsAreClose.swift */; };
		CE19C3CA2D33CDDB003B21E8 /* 2116-CheckIfAParenthesesString.swift in Sources */ = {isa = PBXBuildFile; fileRef = CE19C3C92D33CDDB003B21E8 /* 2116-CheckIfAParenthesesString.swift */; };
		CE19C3CC2D33DA1F003B21E8 /* 1071-GreatestCommonDivisorOfStrings.swift in Sources */ = {isa = PBXBuildFile; fileRef = CE19C3CB2D33DA1F003B21E8 /* 1071-GreatestCommonDivisorOfStrings.swift */; };
		CE1A8CD22D252048001E76AE /* 689-MaximumSumOf3NonOverlappingSubarrays.swift in Sources */ = {isa = PBXBuildFile; fileRef = CE1A8CD12D252048001E76AE /* 689-MaximumSumOf3NonOverlappingSubarrays.swift */; };
		CE1A8CD42D25280F001E76AE /* 1422-MaximumScoreAfterSplittingAString.swift in Sources */ = {isa = PBXBuildFile; fileRef = CE1A8CD32D25280F001E76AE /* 1422-MaximumScoreAfterSplittingAString.swift */; };
		CE1A8CD62D252E13001E76AE /* 1137-NthTribonacciNumber.swift in Sources */ = {isa = PBXBuildFile; fileRef = CE1A8CD52D252E13001E76AE /* 1137-NthTribonacciNumber.swift */; };
		CE1A8CD82D253325001E76AE /* 643-MaximumAverageSubarray.swift in Sources */ = {isa = PBXBuildFile; fileRef = CE1A8CD72D253325001E76AE /* 643-MaximumAverageSubarray.swift */; };
		CE5EA0DC2D69BD3D0018AF62 /* 11-ContainerWithMostWater.swift in Sources */ = {isa = PBXBuildFile; fileRef = CE5EA0DB2D69BD3D0018AF62 /* 11-ContainerWithMostWater.swift */; };
		CE5EA0DE2D69C7940018AF62 /* 1456-MaximumNumberOfVowels.swift in Sources */ = {isa = PBXBuildFile; fileRef = CE5EA0DD2D69C7940018AF62 /* 1456-MaximumNumberOfVowels.swift */; };
		CE5EA0E02D6AD6490018AF62 /* 238-ProductOfArrayExceptSelf.swift in Sources */ = {isa = PBXBuildFile; fileRef = CE5EA0DF2D6AD6490018AF62 /* 238-ProductOfArrayExceptSelf.swift */; };
		CE682C082D52650A001D3359 /* 20-ValidParentheses.swift in Sources */ = {isa = PBXBuildFile; fileRef = CE682C072D52650A001D3359 /* 20-ValidParentheses.swift */; };
		CE682C0A2D526C0D001D3359 /* 88-MergeSortedArray.swift in Sources */ = {isa = PBXBuildFile; fileRef = CE682C092D526C0D001D3359 /* 88-MergeSortedArray.swift */; };
		CE682C0C2D526E6A001D3359 /* 27-RemoveElement.swift in Sources */ = {isa = PBXBuildFile; fileRef = CE682C0B2D526E6A001D3359 /* 27-RemoveElement.swift */; };
		CE682C0E2D527055001D3359 /* 26-RemoveDuplicatesFromSortedArray.swift in Sources */ = {isa = PBXBuildFile; fileRef = CE682C0D2D527055001D3359 /* 26-RemoveDuplicatesFromSortedArray.swift */; };
		CE79D1692D2D48BB00B6C458 /* 198-HouseRobber.swift in Sources */ = {isa = PBXBuildFile; fileRef = CE79D1682D2D48BB00B6C458 /* 198-HouseRobber.swift */; };
		CE82D3D12D2C022400651DF1 /* 17-LetterCombinationsOfPhoneNumber.swift in Sources */ = {isa = PBXBuildFile; fileRef = CE82D3D02D2C022400651DF1 /* 17-LetterCombinationsOfPhoneNumber.swift */; };
		CE82D3D32D2C124E00651DF1 /* 62-UniquePaths.swift in Sources */ = {isa = PBXBuildFile; fileRef = CE82D3D22D2C124E00651DF1 /* 62-UniquePaths.swift */; };
		CE8CB5632D1FD4EF006B64B5 /* main.swift in Sources */ = {isa = PBXBuildFile; fileRef = CE8CB5622D1FD4EF006B64B5 /* main.swift */; };
		CE91F95F2D5E648A00796428 /* 605-CanPlaceFlowers.swift in Sources */ = {isa = PBXBuildFile; fileRef = CE91F95E2D5E648A00796428 /* 605-CanPlaceFlowers.swift */; };
		CE989A3C2D31928300B1011D /* 916-WordSubsets.swift in Sources */ = {isa = PBXBuildFile; fileRef = CE989A3B2D31928300B1011D /* 916-WordSubsets.swift */; };
		CE989A3E2D326B7F00B1011D /* 394-DecodeString.swift in Sources */ = {isa = PBXBuildFile; fileRef = CE989A3D2D326B7F00B1011D /* 394-DecodeString.swift */; };
		CE989A402D3277CD00B1011D /* 1400-ConstructKPalindromeStrings.swift in Sources */ = {isa = PBXBuildFile; fileRef = CE989A3F2D3277CD00B1011D /* 1400-ConstructKPalindromeStrings.swift */; };
		CEA989A22D63A140006A5838 /* 345-ReverseVowelsOfAString.swift in Sources */ = {isa = PBXBuildFile; fileRef = CEA989A12D63A140006A5838 /* 345-ReverseVowelsOfAString.swift */; };
		CEA989A42D63A856006A5838 /* 2352-EqualRowAndColumnPairs.swift in Sources */ = {isa = PBXBuildFile; fileRef = CEA989A32D63A856006A5838 /* 2352-EqualRowAndColumnPairs.swift */; };
		CEC03AEF2D48B512005CC3C5 /* 1207-UniqueNumberOfOccurrences.swift in Sources */ = {isa = PBXBuildFile; fileRef = CEC03AEE2D48B512005CC3C5 /* 1207-UniqueNumberOfOccurrences.swift */; };
		CEC03AF12D48C319005CC3C5 /* 714-BestTimeToBuyAndSellStockWithTransactionFee.swift in Sources */ = {isa = PBXBuildFile; fileRef = CEC03AF02D48C319005CC3C5 /* 714-BestTimeToBuyAndSellStockWithTransactionFee.swift */; };
		CEC5AB5F2D5D10DB00B89C9A /* 872-LeafSimilarTrees.swift in Sources */ = {isa = PBXBuildFile; fileRef = CEC5AB5E2D5D10DB00B89C9A /* 872-LeafSimilarTrees.swift */; };
		CEC5AB612D5D12FD00B89C9A /* 392-IsSubsequence.swift in Sources */ = {isa = PBXBuildFile; fileRef = CEC5AB602D5D12FD00B89C9A /* 392-IsSubsequence.swift */; };
		CEC5AB632D5D158D00B89C9A /* 1431-KidsWithTheGreatestNumberOfCandies.swift in Sources */ = {isa = PBXBuildFile; fileRef = CEC5AB622D5D158D00B89C9A /* 1431-KidsWithTheGreatestNumberOfCandies.swift */; };
		CED1CA632D2826C90083C596 /* 2270-NumberOfWaysToSplitArray.swift in Sources */ = {isa = PBXBuildFile; fileRef = CED1CA622D2826C90083C596 /* 2270-NumberOfWaysToSplitArray.swift */; };
		CED1CA652D28302A0083C596 /* 746-MinCostClimbingStairs.swift in Sources */ = {isa = PBXBuildFile; fileRef = CED1CA642D28302A0083C596 /* 746-MinCostClimbingStairs.swift */; };
		CED1CA672D28359D0083C596 /* 2390-RemovingStarsFromAString.swift in Sources */ = {isa = PBXBuildFile; fileRef = CED1CA662D28359D0083C596 /* 2390-RemovingStarsFromAString.swift */; };
		CED1CA692D2925CE0083C596 /* 1930-UniqueLengthPalindromicSubsequences.swift in Sources */ = {isa = PBXBuildFile; fileRef = CED1CA682D2925CE0083C596 /* 1930-UniqueLengthPalindromicSubsequences.swift */; };
		CED1CA6B2D292B680083C596 /* 1732-FindTheHighestAltitude.swift in Sources */ = {isa = PBXBuildFile; fileRef = CED1CA6A2D292B680083C596 /* 1732-FindTheHighestAltitude.swift */; };
		CED1CA6D2D292DB90083C596 /* 1768-MergeStringsAlternately.swift in Sources */ = {isa = PBXBuildFile; fileRef = CED1CA6C2D292DB90083C596 /* 1768-MergeStringsAlternately.swift */; };
		CED1CA6F2D2935D20083C596 /* 151-ReverseWordsInAString.swift in Sources */ = {isa = PBXBuildFile; fileRef = CED1CA6E2D2935D20083C596 /* 151-ReverseWordsInAString.swift */; };
		CED1CA712D293E410083C596 /* 104-MaximumDepthOfBinaryTree.swift in Sources */ = {isa = PBXBuildFile; fileRef = CED1CA702D293E410083C596 /* 104-MaximumDepthOfBinaryTree.swift */; };
		CED1CA732D2AA0920083C596 /* 2215-FindTheDifferenceOfTwoArrays.swift in Sources */ = {isa = PBXBuildFile; fileRef = CED1CA722D2AA0920083C596 /* 2215-FindTheDifferenceOfTwoArrays.swift */; };
		CED1CA752D2AA4E80083C596 /* 933-NumberOfRecentCalls.swift in Sources */ = {isa = PBXBuildFile; fileRef = CED1CA742D2AA4E80083C596 /* 933-NumberOfRecentCalls.swift */; };
		CED1CA772D2AC3DA0083C596 /* 2095-DeleteTheMiddleNodeOfLinkedList.swift in Sources */ = {isa = PBXBuildFile; fileRef = CED1CA762D2AC3DA0083C596 /* 2095-DeleteTheMiddleNodeOfLinkedList.swift */; };
		CED1CA792D2AC77E0083C596 /* 199-BinaryTreeRightSideView.swift in Sources */ = {isa = PBXBuildFile; fileRef = CED1CA782D2AC77E0083C596 /* 199-BinaryTreeRightSideView.swift */; };
		CED1CA7B2D2ACB7D0083C596 /* 841-KeysAndRooms.swift in Sources */ = {isa = PBXBuildFile; fileRef = CED1CA7A2D2ACB7D0083C596 /* 841-KeysAndRooms.swift */; };
		CED1CA7D2D2AD5200083C596 /* 1926-NearestExitFromEntranceInMaze.swift in Sources */ = {isa = PBXBuildFile; fileRef = CED1CA7C2D2AD5200083C596 /* 1926-NearestExitFromEntranceInMaze.swift */; };
		CED1CA7F2D2AD9EB0083C596 /* 374-GuessNumberHigherOrLower.swift in Sources */ = {isa = PBXBuildFile; fileRef = CED1CA7E2D2AD9EB0083C596 /* 374-GuessNumberHigherOrLower.swift */; };
		CEE847EC2D4F3CCA0069DB11 /* 2336-SmallestNumberInInfiniteSet.swift in Sources */ = {isa = PBXBuildFile; fileRef = CEE847EB2D4F3CCA0069DB11 /* 2336-SmallestNumberInInfiniteSet.swift */; };
		CEE847EE2D4F53100069DB11 /* 2300-SuccessfulPairsOfSpellsAndPotions.swift in Sources */ = {isa = PBXBuildFile; fileRef = CEE847ED2D4F53100069DB11 /* 2300-SuccessfulPairsOfSpellsAndPotions.swift */; };
		CEF258C22D2EDCCB004B8D6C /* 735-AsteroidCollision.swift in Sources */ = {isa = PBXBuildFile; fileRef = CEF258C12D2EDCCB004B8D6C /* 735-AsteroidCollision.swift */; };
		CEF258C42D2EE7C9004B8D6C /* 283-MoveZeroes.swift in Sources */ = {isa = PBXBuildFile; fileRef = CEF258C32D2EE7C9004B8D6C /* 283-MoveZeroes.swift */; };
		CEF40B7B2D4E1C4A0065D05E /* 338-CountingBits.swift in Sources */ = {isa = PBXBuildFile; fileRef = CEF40B7A2D4E1C4A0065D05E /* 338-CountingBits.swift */; };
		CEF40B7D2D4E2FAF0065D05E /* 215-KthLargestElementInAnArray.swift in Sources */ = {isa = PBXBuildFile; fileRef = CEF40B7C2D4E2FAF0065D05E /* 215-KthLargestElementInAnArray.swift */; };
		CEF97B6F2D4624C500ACAAA3 /* 724-FindPivotIndex.swift in Sources */ = {isa = PBXBuildFile; fileRef = CEF97B6E2D4624C500ACAAA3 /* 724-FindPivotIndex.swift */; };
		CEF97B712D476EF300ACAAA3 /* 649-Dota2Senate.swift in Sources */ = {isa = PBXBuildFile; fileRef = CEF97B702D476EF300ACAAA3 /* 649-Dota2Senate.swift */; };
		CEF97B732D4774A100ACAAA3 /* 547-NumberOfProvinces.swift in Sources */ = {isa = PBXBuildFile; fileRef = CEF97B722D4774A000ACAAA3 /* 547-NumberOfProvinces.swift */; };
/* End PBXBuildFile section */

/* Begin PBXCopyFilesBuildPhase section */
		CE8CB55D2D1FD4EF006B64B5 /* CopyFiles */ = {
			isa = PBXCopyFilesBuildPhase;
			buildActionMask = 2147483647;
			dstPath = /usr/share/man/man1/;
			dstSubfolderSpec = 0;
			files = (
			);
			runOnlyForDeploymentPostprocessing = 1;
		};
/* End PBXCopyFilesBuildPhase section */

/* Begin PBXFileReference section */
		CE02A07D2D3D60A800117FEC /* 216-CombinationSum3.swift */ = {isa = PBXFileReference; lastKnownFileType = sourcecode.swift; path = "216-CombinationSum3.swift"; sourceTree = "<group>"; };
		CE02A07F2D3D76BB00117FEC /* 1143-LongestCommonSubsequence.swift */ = {isa = PBXFileReference; lastKnownFileType = sourcecode.swift; path = "1143-LongestCommonSubsequence.swift"; sourceTree = "<group>"; };
		CE05EB032D4B77BC00E7682A /* 72-EditDistance.swift */ = {isa = PBXFileReference; lastKnownFileType = sourcecode.swift; path = "72-EditDistance.swift"; sourceTree = "<group>"; };
		CE05EB052D4B7C0B00E7682A /* 1657-DetermineIfTwoStringsAreClose.swift */ = {isa = PBXFileReference; lastKnownFileType = sourcecode.swift; path = "1657-DetermineIfTwoStringsAreClose.swift"; sourceTree = "<group>"; };
		CE19C3C92D33CDDB003B21E8 /* 2116-CheckIfAParenthesesString.swift */ = {isa = PBXFileReference; lastKnownFileType = sourcecode.swift; path = "2116-CheckIfAParenthesesString.swift"; sourceTree = "<group>"; };
		CE19C3CB2D33DA1F003B21E8 /* 1071-GreatestCommonDivisorOfStrings.swift */ = {isa = PBXFileReference; lastKnownFileType = sourcecode.swift; path = "1071-GreatestCommonDivisorOfStrings.swift"; sourceTree = "<group>"; };
		CE1A8CD12D252048001E76AE /* 689-MaximumSumOf3NonOverlappingSubarrays.swift */ = {isa = PBXFileReference; lastKnownFileType = sourcecode.swift; path = "689-MaximumSumOf3NonOverlappingSubarrays.swift"; sourceTree = "<group>"; };
		CE1A8CD32D25280F001E76AE /* 1422-MaximumScoreAfterSplittingAString.swift */ = {isa = PBXFileReference; lastKnownFileType = sourcecode.swift; path = "1422-MaximumScoreAfterSplittingAString.swift"; sourceTree = "<group>"; };
		CE1A8CD52D252E13001E76AE /* 1137-NthTribonacciNumber.swift */ = {isa = PBXFileReference; lastKnownFileType = sourcecode.swift; path = "1137-NthTribonacciNumber.swift"; sourceTree = "<group>"; };
		CE1A8CD72D253325001E76AE /* 643-MaximumAverageSubarray.swift */ = {isa = PBXFileReference; lastKnownFileType = sourcecode.swift; path = "643-MaximumAverageSubarray.swift"; sourceTree = "<group>"; };
		CE5EA0DB2D69BD3D0018AF62 /* 11-ContainerWithMostWater.swift */ = {isa = PBXFileReference; lastKnownFileType = sourcecode.swift; path = "11-ContainerWithMostWater.swift"; sourceTree = "<group>"; };
		CE5EA0DD2D69C7940018AF62 /* 1456-MaximumNumberOfVowels.swift */ = {isa = PBXFileReference; lastKnownFileType = sourcecode.swift; path = "1456-MaximumNumberOfVowels.swift"; sourceTree = "<group>"; };
		CE5EA0DF2D6AD6490018AF62 /* 238-ProductOfArrayExceptSelf.swift */ = {isa = PBXFileReference; lastKnownFileType = sourcecode.swift; path = "238-ProductOfArrayExceptSelf.swift"; sourceTree = "<group>"; };
		CE682C072D52650A001D3359 /* 20-ValidParentheses.swift */ = {isa = PBXFileReference; lastKnownFileType = sourcecode.swift; path = "20-ValidParentheses.swift"; sourceTree = "<group>"; };
		CE682C092D526C0D001D3359 /* 88-MergeSortedArray.swift */ = {isa = PBXFileReference; lastKnownFileType = sourcecode.swift; path = "88-MergeSortedArray.swift"; sourceTree = "<group>"; };
		CE682C0B2D526E6A001D3359 /* 27-RemoveElement.swift */ = {isa = PBXFileReference; lastKnownFileType = sourcecode.swift; path = "27-RemoveElement.swift"; sourceTree = "<group>"; };
		CE682C0D2D527055001D3359 /* 26-RemoveDuplicatesFromSortedArray.swift */ = {isa = PBXFileReference; lastKnownFileType = sourcecode.swift; path = "26-RemoveDuplicatesFromSortedArray.swift"; sourceTree = "<group>"; };
		CE79D1682D2D48BB00B6C458 /* 198-HouseRobber.swift */ = {isa = PBXFileReference; lastKnownFileType = sourcecode.swift; path = "198-HouseRobber.swift"; sourceTree = "<group>"; };
		CE82D3D02D2C022400651DF1 /* 17-LetterCombinationsOfPhoneNumber.swift */ = {isa = PBXFileReference; lastKnownFileType = sourcecode.swift; path = "17-LetterCombinationsOfPhoneNumber.swift"; sourceTree = "<group>"; };
		CE82D3D22D2C124E00651DF1 /* 62-UniquePaths.swift */ = {isa = PBXFileReference; lastKnownFileType = sourcecode.swift; path = "62-UniquePaths.swift"; sourceTree = "<group>"; };
		CE8CB55F2D1FD4EF006B64B5 /* leetcode-algorithms */ = {isa = PBXFileReference; explicitFileType = "compiled.mach-o.executable"; includeInIndex = 0; path = "leetcode-algorithms"; sourceTree = BUILT_PRODUCTS_DIR; };
		CE8CB5622D1FD4EF006B64B5 /* main.swift */ = {isa = PBXFileReference; lastKnownFileType = sourcecode.swift; path = main.swift; sourceTree = "<group>"; };
		CE91F95E2D5E648A00796428 /* 605-CanPlaceFlowers.swift */ = {isa = PBXFileReference; lastKnownFileType = sourcecode.swift; path = "605-CanPlaceFlowers.swift"; sourceTree = "<group>"; };
		CE989A3B2D31928300B1011D /* 916-WordSubsets.swift */ = {isa = PBXFileReference; lastKnownFileType = sourcecode.swift; path = "916-WordSubsets.swift"; sourceTree = "<group>"; };
		CE989A3D2D326B7F00B1011D /* 394-DecodeString.swift */ = {isa = PBXFileReference; lastKnownFileType = sourcecode.swift; path = "394-DecodeString.swift"; sourceTree = "<group>"; };
		CE989A3F2D3277CD00B1011D /* 1400-ConstructKPalindromeStrings.swift */ = {isa = PBXFileReference; lastKnownFileType = sourcecode.swift; path = "1400-ConstructKPalindromeStrings.swift"; sourceTree = "<group>"; };
		CEA989A12D63A140006A5838 /* 345-ReverseVowelsOfAString.swift */ = {isa = PBXFileReference; lastKnownFileType = sourcecode.swift; path = "345-ReverseVowelsOfAString.swift"; sourceTree = "<group>"; };
		CEA989A32D63A856006A5838 /* 2352-EqualRowAndColumnPairs.swift */ = {isa = PBXFileReference; lastKnownFileType = sourcecode.swift; path = "2352-EqualRowAndColumnPairs.swift"; sourceTree = "<group>"; };
		CEC03AEE2D48B512005CC3C5 /* 1207-UniqueNumberOfOccurrences.swift */ = {isa = PBXFileReference; lastKnownFileType = sourcecode.swift; path = "1207-UniqueNumberOfOccurrences.swift"; sourceTree = "<group>"; };
		CEC03AF02D48C319005CC3C5 /* 714-BestTimeToBuyAndSellStockWithTransactionFee.swift */ = {isa = PBXFileReference; lastKnownFileType = sourcecode.swift; path = "714-BestTimeToBuyAndSellStockWithTransactionFee.swift"; sourceTree = "<group>"; };
		CEC5AB5E2D5D10DB00B89C9A /* 872-LeafSimilarTrees.swift */ = {isa = PBXFileReference; lastKnownFileType = sourcecode.swift; path = "872-LeafSimilarTrees.swift"; sourceTree = "<group>"; };
		CEC5AB602D5D12FD00B89C9A /* 392-IsSubsequence.swift */ = {isa = PBXFileReference; lastKnownFileType = sourcecode.swift; path = "392-IsSubsequence.swift"; sourceTree = "<group>"; };
		CEC5AB622D5D158D00B89C9A /* 1431-KidsWithTheGreatestNumberOfCandies.swift */ = {isa = PBXFileReference; lastKnownFileType = sourcecode.swift; path = "1431-KidsWithTheGreatestNumberOfCandies.swift"; sourceTree = "<group>"; };
		CED1CA622D2826C90083C596 /* 2270-NumberOfWaysToSplitArray.swift */ = {isa = PBXFileReference; lastKnownFileType = sourcecode.swift; path = "2270-NumberOfWaysToSplitArray.swift"; sourceTree = "<group>"; };
		CED1CA642D28302A0083C596 /* 746-MinCostClimbingStairs.swift */ = {isa = PBXFileReference; lastKnownFileType = sourcecode.swift; path = "746-MinCostClimbingStairs.swift"; sourceTree = "<group>"; };
		CED1CA662D28359D0083C596 /* 2390-RemovingStarsFromAString.swift */ = {isa = PBXFileReference; lastKnownFileType = sourcecode.swift; path = "2390-RemovingStarsFromAString.swift"; sourceTree = "<group>"; };
		CED1CA682D2925CE0083C596 /* 1930-UniqueLengthPalindromicSubsequences.swift */ = {isa = PBXFileReference; lastKnownFileType = sourcecode.swift; path = "1930-UniqueLengthPalindromicSubsequences.swift"; sourceTree = "<group>"; };
		CED1CA6A2D292B680083C596 /* 1732-FindTheHighestAltitude.swift */ = {isa = PBXFileReference; lastKnownFileType = sourcecode.swift; path = "1732-FindTheHighestAltitude.swift"; sourceTree = "<group>"; };
		CED1CA6C2D292DB90083C596 /* 1768-MergeStringsAlternately.swift */ = {isa = PBXFileReference; lastKnownFileType = sourcecode.swift; path = "1768-MergeStringsAlternately.swift"; sourceTree = "<group>"; };
		CED1CA6E2D2935D20083C596 /* 151-ReverseWordsInAString.swift */ = {isa = PBXFileReference; lastKnownFileType = sourcecode.swift; path = "151-ReverseWordsInAString.swift"; sourceTree = "<group>"; };
		CED1CA702D293E410083C596 /* 104-MaximumDepthOfBinaryTree.swift */ = {isa = PBXFileReference; lastKnownFileType = sourcecode.swift; path = "104-MaximumDepthOfBinaryTree.swift"; sourceTree = "<group>"; };
		CED1CA722D2AA0920083C596 /* 2215-FindTheDifferenceOfTwoArrays.swift */ = {isa = PBXFileReference; lastKnownFileType = sourcecode.swift; path = "2215-FindTheDifferenceOfTwoArrays.swift"; sourceTree = "<group>"; };
		CED1CA742D2AA4E80083C596 /* 933-NumberOfRecentCalls.swift */ = {isa = PBXFileReference; lastKnownFileType = sourcecode.swift; path = "933-NumberOfRecentCalls.swift"; sourceTree = "<group>"; };
		CED1CA762D2AC3DA0083C596 /* 2095-DeleteTheMiddleNodeOfLinkedList.swift */ = {isa = PBXFileReference; lastKnownFileType = sourcecode.swift; path = "2095-DeleteTheMiddleNodeOfLinkedList.swift"; sourceTree = "<group>"; };
		CED1CA782D2AC77E0083C596 /* 199-BinaryTreeRightSideView.swift */ = {isa = PBXFileReference; lastKnownFileType = sourcecode.swift; path = "199-BinaryTreeRightSideView.swift"; sourceTree = "<group>"; };
		CED1CA7A2D2ACB7D0083C596 /* 841-KeysAndRooms.swift */ = {isa = PBXFileReference; lastKnownFileType = sourcecode.swift; path = "841-KeysAndRooms.swift"; sourceTree = "<group>"; };
		CED1CA7C2D2AD5200083C596 /* 1926-NearestExitFromEntranceInMaze.swift */ = {isa = PBXFileReference; lastKnownFileType = sourcecode.swift; path = "1926-NearestExitFromEntranceInMaze.swift"; sourceTree = "<group>"; };
		CED1CA7E2D2AD9EB0083C596 /* 374-GuessNumberHigherOrLower.swift */ = {isa = PBXFileReference; lastKnownFileType = sourcecode.swift; path = "374-GuessNumberHigherOrLower.swift"; sourceTree = "<group>"; };
		CEE847EB2D4F3CCA0069DB11 /* 2336-SmallestNumberInInfiniteSet.swift */ = {isa = PBXFileReference; lastKnownFileType = sourcecode.swift; path = "2336-SmallestNumberInInfiniteSet.swift"; sourceTree = "<group>"; };
		CEE847ED2D4F53100069DB11 /* 2300-SuccessfulPairsOfSpellsAndPotions.swift */ = {isa = PBXFileReference; lastKnownFileType = sourcecode.swift; path = "2300-SuccessfulPairsOfSpellsAndPotions.swift"; sourceTree = "<group>"; };
		CEF258C12D2EDCCB004B8D6C /* 735-AsteroidCollision.swift */ = {isa = PBXFileReference; lastKnownFileType = sourcecode.swift; path = "735-AsteroidCollision.swift"; sourceTree = "<group>"; };
		CEF258C32D2EE7C9004B8D6C /* 283-MoveZeroes.swift */ = {isa = PBXFileReference; lastKnownFileType = sourcecode.swift; path = "283-MoveZeroes.swift"; sourceTree = "<group>"; };
		CEF40B7A2D4E1C4A0065D05E /* 338-CountingBits.swift */ = {isa = PBXFileReference; lastKnownFileType = sourcecode.swift; path = "338-CountingBits.swift"; sourceTree = "<group>"; };
		CEF40B7C2D4E2FAF0065D05E /* 215-KthLargestElementInAnArray.swift */ = {isa = PBXFileReference; lastKnownFileType = sourcecode.swift; path = "215-KthLargestElementInAnArray.swift"; sourceTree = "<group>"; };
		CEF97B6E2D4624C500ACAAA3 /* 724-FindPivotIndex.swift */ = {isa = PBXFileReference; lastKnownFileType = sourcecode.swift; path = "724-FindPivotIndex.swift"; sourceTree = "<group>"; };
		CEF97B702D476EF300ACAAA3 /* 649-Dota2Senate.swift */ = {isa = PBXFileReference; lastKnownFileType = sourcecode.swift; path = "649-Dota2Senate.swift"; sourceTree = "<group>"; };
		CEF97B722D4774A000ACAAA3 /* 547-NumberOfProvinces.swift */ = {isa = PBXFileReference; lastKnownFileType = sourcecode.swift; path = "547-NumberOfProvinces.swift"; sourceTree = "<group>"; };
/* End PBXFileReference section */

/* Begin PBXFrameworksBuildPhase section */
		CE8CB55C2D1FD4EF006B64B5 /* Frameworks */ = {
			isa = PBXFrameworksBuildPhase;
			buildActionMask = 2147483647;
			files = (
			);
			runOnlyForDeploymentPostprocessing = 0;
		};
/* End PBXFrameworksBuildPhase section */

/* Begin PBXGroup section */
		CE8CB5562D1FD4EF006B64B5 = {
			isa = PBXGroup;
			children = (
				CE8CB5612D1FD4EF006B64B5 /* leetcode-algorithms */,
				CE8CB5602D1FD4EF006B64B5 /* Products */,
			);
			sourceTree = "<group>";
		};
		CE8CB5602D1FD4EF006B64B5 /* Products */ = {
			isa = PBXGroup;
			children = (
				CE8CB55F2D1FD4EF006B64B5 /* leetcode-algorithms */,
			);
			name = Products;
			sourceTree = "<group>";
		};
		CE8CB5612D1FD4EF006B64B5 /* leetcode-algorithms */ = {
			isa = PBXGroup;
			children = (
				CE8CB5622D1FD4EF006B64B5 /* main.swift */,
				CE1A8CD12D252048001E76AE /* 689-MaximumSumOf3NonOverlappingSubarrays.swift */,
				CE1A8CD32D25280F001E76AE /* 1422-MaximumScoreAfterSplittingAString.swift */,
				CE1A8CD52D252E13001E76AE /* 1137-NthTribonacciNumber.swift */,
				CE1A8CD72D253325001E76AE /* 643-MaximumAverageSubarray.swift */,
				CED1CA622D2826C90083C596 /* 2270-NumberOfWaysToSplitArray.swift */,
				CED1CA642D28302A0083C596 /* 746-MinCostClimbingStairs.swift */,
				CED1CA662D28359D0083C596 /* 2390-RemovingStarsFromAString.swift */,
				CED1CA682D2925CE0083C596 /* 1930-UniqueLengthPalindromicSubsequences.swift */,
				CED1CA6A2D292B680083C596 /* 1732-FindTheHighestAltitude.swift */,
				CED1CA6C2D292DB90083C596 /* 1768-MergeStringsAlternately.swift */,
				CED1CA6E2D2935D20083C596 /* 151-ReverseWordsInAString.swift */,
				CED1CA702D293E410083C596 /* 104-MaximumDepthOfBinaryTree.swift */,
				CED1CA722D2AA0920083C596 /* 2215-FindTheDifferenceOfTwoArrays.swift */,
				CED1CA742D2AA4E80083C596 /* 933-NumberOfRecentCalls.swift */,
				CED1CA762D2AC3DA0083C596 /* 2095-DeleteTheMiddleNodeOfLinkedList.swift */,
				CED1CA782D2AC77E0083C596 /* 199-BinaryTreeRightSideView.swift */,
				CED1CA7A2D2ACB7D0083C596 /* 841-KeysAndRooms.swift */,
				CED1CA7C2D2AD5200083C596 /* 1926-NearestExitFromEntranceInMaze.swift */,
				CED1CA7E2D2AD9EB0083C596 /* 374-GuessNumberHigherOrLower.swift */,
				CE82D3D02D2C022400651DF1 /* 17-LetterCombinationsOfPhoneNumber.swift */,
				CE82D3D22D2C124E00651DF1 /* 62-UniquePaths.swift */,
				CE79D1682D2D48BB00B6C458 /* 198-HouseRobber.swift */,
				CEF258C12D2EDCCB004B8D6C /* 735-AsteroidCollision.swift */,
				CEF258C32D2EE7C9004B8D6C /* 283-MoveZeroes.swift */,
				CE989A3B2D31928300B1011D /* 916-WordSubsets.swift */,
				CE989A3D2D326B7F00B1011D /* 394-DecodeString.swift */,
				CE989A3F2D3277CD00B1011D /* 1400-ConstructKPalindromeStrings.swift */,
				CE19C3C92D33CDDB003B21E8 /* 2116-CheckIfAParenthesesString.swift */,
				CE19C3CB2D33DA1F003B21E8 /* 1071-GreatestCommonDivisorOfStrings.swift */,
				CE02A07D2D3D60A800117FEC /* 216-CombinationSum3.swift */,
				CE02A07F2D3D76BB00117FEC /* 1143-LongestCommonSubsequence.swift */,
				CEF97B6E2D4624C500ACAAA3 /* 724-FindPivotIndex.swift */,
				CEF97B702D476EF300ACAAA3 /* 649-Dota2Senate.swift */,
				CEF97B722D4774A000ACAAA3 /* 547-NumberOfProvinces.swift */,
				CEC03AEE2D48B512005CC3C5 /* 1207-UniqueNumberOfOccurrences.swift */,
				CEC03AF02D48C319005CC3C5 /* 714-BestTimeToBuyAndSellStockWithTransactionFee.swift */,
				CE05EB032D4B77BC00E7682A /* 72-EditDistance.swift */,
				CE05EB052D4B7C0B00E7682A /* 1657-DetermineIfTwoStringsAreClose.swift */,
				CEF40B7A2D4E1C4A0065D05E /* 338-CountingBits.swift */,
				CEF40B7C2D4E2FAF0065D05E /* 215-KthLargestElementInAnArray.swift */,
				CEE847EB2D4F3CCA0069DB11 /* 2336-SmallestNumberInInfiniteSet.swift */,
				CEE847ED2D4F53100069DB11 /* 2300-SuccessfulPairsOfSpellsAndPotions.swift */,
				CE682C072D52650A001D3359 /* 20-ValidParentheses.swift */,
				CE682C092D526C0D001D3359 /* 88-MergeSortedArray.swift */,
				CE682C0B2D526E6A001D3359 /* 27-RemoveElement.swift */,
				CE682C0D2D527055001D3359 /* 26-RemoveDuplicatesFromSortedArray.swift */,
				CEC5AB5E2D5D10DB00B89C9A /* 872-LeafSimilarTrees.swift */,
				CEC5AB602D5D12FD00B89C9A /* 392-IsSubsequence.swift */,
				CEC5AB622D5D158D00B89C9A /* 1431-KidsWithTheGreatestNumberOfCandies.swift */,
				CE91F95E2D5E648A00796428 /* 605-CanPlaceFlowers.swift */,
				CEA989A12D63A140006A5838 /* 345-ReverseVowelsOfAString.swift */,
				CEA989A32D63A856006A5838 /* 2352-EqualRowAndColumnPairs.swift */,
				CE5EA0DB2D69BD3D0018AF62 /* 11-ContainerWithMostWater.swift */,
				CE5EA0DD2D69C7940018AF62 /* 1456-MaximumNumberOfVowels.swift */,
				CE5EA0DF2D6AD6490018AF62 /* 238-ProductOfArrayExceptSelf.swift */,
			);
			path = "leetcode-algorithms";
			sourceTree = "<group>";
		};
/* End PBXGroup section */

/* Begin PBXNativeTarget section */
		CE8CB55E2D1FD4EF006B64B5 /* leetcode-algorithms */ = {
			isa = PBXNativeTarget;
			buildConfigurationList = CE8CB5662D1FD4EF006B64B5 /* Build configuration list for PBXNativeTarget "leetcode-algorithms" */;
			buildPhases = (
				CE8CB55B2D1FD4EF006B64B5 /* Sources */,
				CE8CB55C2D1FD4EF006B64B5 /* Frameworks */,
				CE8CB55D2D1FD4EF006B64B5 /* CopyFiles */,
			);
			buildRules = (
			);
			dependencies = (
			);
			name = "leetcode-algorithms";
			productName = "leetcode-algorithms";
			productReference = CE8CB55F2D1FD4EF006B64B5 /* leetcode-algorithms */;
			productType = "com.apple.product-type.tool";
		};
/* End PBXNativeTarget section */

/* Begin PBXProject section */
		CE8CB5572D1FD4EF006B64B5 /* Project object */ = {
			isa = PBXProject;
			attributes = {
				BuildIndependentTargetsInParallel = 1;
				LastSwiftUpdateCheck = 1540;
				LastUpgradeCheck = 1540;
				TargetAttributes = {
					CE8CB55E2D1FD4EF006B64B5 = {
						CreatedOnToolsVersion = 15.4;
					};
				};
			};
			buildConfigurationList = CE8CB55A2D1FD4EF006B64B5 /* Build configuration list for PBXProject "leetcode-algorithms" */;
			compatibilityVersion = "Xcode 14.0";
			developmentRegion = en;
			hasScannedForEncodings = 0;
			knownRegions = (
				en,
				Base,
			);
			mainGroup = CE8CB5562D1FD4EF006B64B5;
			productRefGroup = CE8CB5602D1FD4EF006B64B5 /* Products */;
			projectDirPath = "";
			projectRoot = "";
			targets = (
				CE8CB55E2D1FD4EF006B64B5 /* leetcode-algorithms */,
			);
		};
/* End PBXProject section */

/* Begin PBXSourcesBuildPhase section */
		CE8CB55B2D1FD4EF006B64B5 /* Sources */ = {
			isa = PBXSourcesBuildPhase;
			buildActionMask = 2147483647;
			files = (
				CED1CA792D2AC77E0083C596 /* 199-BinaryTreeRightSideView.swift in Sources */,
				CED1CA6B2D292B680083C596 /* 1732-FindTheHighestAltitude.swift in Sources */,
				CEA989A22D63A140006A5838 /* 345-ReverseVowelsOfAString.swift in Sources */,
				CEC5AB632D5D158D00B89C9A /* 1431-KidsWithTheGreatestNumberOfCandies.swift in Sources */,
				CED1CA7B2D2ACB7D0083C596 /* 841-KeysAndRooms.swift in Sources */,
				CE02A07E2D3D60A800117FEC /* 216-CombinationSum3.swift in Sources */,
				CE19C3CC2D33DA1F003B21E8 /* 1071-GreatestCommonDivisorOfStrings.swift in Sources */,
				CEA989A42D63A856006A5838 /* 2352-EqualRowAndColumnPairs.swift in Sources */,
				CE682C0C2D526E6A001D3359 /* 27-RemoveElement.swift in Sources */,
				CEC5AB612D5D12FD00B89C9A /* 392-IsSubsequence.swift in Sources */,
				CE5EA0DC2D69BD3D0018AF62 /* 11-ContainerWithMostWater.swift in Sources */,
				CE1A8CD22D252048001E76AE /* 689-MaximumSumOf3NonOverlappingSubarrays.swift in Sources */,
				CEF97B732D4774A100ACAAA3 /* 547-NumberOfProvinces.swift in Sources */,
				CE989A402D3277CD00B1011D /* 1400-ConstructKPalindromeStrings.swift in Sources */,
				CE19C3CA2D33CDDB003B21E8 /* 2116-CheckIfAParenthesesString.swift in Sources */,
				CE5EA0DE2D69C7940018AF62 /* 1456-MaximumNumberOfVowels.swift in Sources */,
				CEE847EE2D4F53100069DB11 /* 2300-SuccessfulPairsOfSpellsAndPotions.swift in Sources */,
				CEF97B6F2D4624C500ACAAA3 /* 724-FindPivotIndex.swift in Sources */,
				CE05EB062D4B7C0B00E7682A /* 1657-DetermineIfTwoStringsAreClose.swift in Sources */,
				CED1CA752D2AA4E80083C596 /* 933-NumberOfRecentCalls.swift in Sources */,
				CEC03AEF2D48B512005CC3C5 /* 1207-UniqueNumberOfOccurrences.swift in Sources */,
				CEC03AF12D48C319005CC3C5 /* 714-BestTimeToBuyAndSellStockWithTransactionFee.swift in Sources */,
				CE682C0E2D527055001D3359 /* 26-RemoveDuplicatesFromSortedArray.swift in Sources */,
				CED1CA772D2AC3DA0083C596 /* 2095-DeleteTheMiddleNodeOfLinkedList.swift in Sources */,
				CED1CA672D28359D0083C596 /* 2390-RemovingStarsFromAString.swift in Sources */,
				CE05EB042D4B77BC00E7682A /* 72-EditDistance.swift in Sources */,
				CEE847EC2D4F3CCA0069DB11 /* 2336-SmallestNumberInInfiniteSet.swift in Sources */,
				CE82D3D32D2C124E00651DF1 /* 62-UniquePaths.swift in Sources */,
				CE79D1692D2D48BB00B6C458 /* 198-HouseRobber.swift in Sources */,
				CE682C0A2D526C0D001D3359 /* 88-MergeSortedArray.swift in Sources */,
				CEF258C22D2EDCCB004B8D6C /* 735-AsteroidCollision.swift in Sources */,
				CED1CA6D2D292DB90083C596 /* 1768-MergeStringsAlternately.swift in Sources */,
				CEF40B7B2D4E1C4A0065D05E /* 338-CountingBits.swift in Sources */,
				CED1CA6F2D2935D20083C596 /* 151-ReverseWordsInAString.swift in Sources */,
				CED1CA7F2D2AD9EB0083C596 /* 374-GuessNumberHigherOrLower.swift in Sources */,
				CE1A8CD82D253325001E76AE /* 643-MaximumAverageSubarray.swift in Sources */,
				CE1A8CD42D25280F001E76AE /* 1422-MaximumScoreAfterSplittingAString.swift in Sources */,
				CEC5AB5F2D5D10DB00B89C9A /* 872-LeafSimilarTrees.swift in Sources */,
				CED1CA712D293E410083C596 /* 104-MaximumDepthOfBinaryTree.swift in Sources */,
				CE682C082D52650A001D3359 /* 20-ValidParentheses.swift in Sources */,
				CEF40B7D2D4E2FAF0065D05E /* 215-KthLargestElementInAnArray.swift in Sources */,
				CE989A3C2D31928300B1011D /* 916-WordSubsets.swift in Sources */,
				CE8CB5632D1FD4EF006B64B5 /* main.swift in Sources */,
				CE82D3D12D2C022400651DF1 /* 17-LetterCombinationsOfPhoneNumber.swift in Sources */,
				CED1CA652D28302A0083C596 /* 746-MinCostClimbingStairs.swift in Sources */,
				CED1CA632D2826C90083C596 /* 2270-NumberOfWaysToSplitArray.swift in Sources */,
				CED1CA692D2925CE0083C596 /* 1930-UniqueLengthPalindromicSubsequences.swift in Sources */,
				CE989A3E2D326B7F00B1011D /* 394-DecodeString.swift in Sources */,
				CED1CA7D2D2AD5200083C596 /* 1926-NearestExitFromEntranceInMaze.swift in Sources */,
				CE91F95F2D5E648A00796428 /* 605-CanPlaceFlowers.swift in Sources */,
				CE02A0802D3D76BB00117FEC /* 1143-LongestCommonSubsequence.swift in Sources */,
				CE5EA0E02D6AD6490018AF62 /* 238-ProductOfArrayExceptSelf.swift in Sources */,
				CEF97B712D476EF300ACAAA3 /* 649-Dota2Senate.swift in Sources */,
				CEF258C42D2EE7C9004B8D6C /* 283-MoveZeroes.swift in Sources */,
				CE1A8CD62D252E13001E76AE /* 1137-NthTribonacciNumber.swift in Sources */,
				CED1CA732D2AA0920083C596 /* 2215-FindTheDifferenceOfTwoArrays.swift in Sources */,
			);
			runOnlyForDeploymentPostprocessing = 0;
		};
/* End PBXSourcesBuildPhase section */

/* Begin XCBuildConfiguration section */
		CE8CB5642D1FD4EF006B64B5 /* Debug */ = {
			isa = XCBuildConfiguration;
			buildSettings = {
				ALWAYS_SEARCH_USER_PATHS = NO;
				ASSETCATALOG_COMPILER_GENERATE_SWIFT_ASSET_SYMBOL_EXTENSIONS = YES;
				CLANG_ANALYZER_NONNULL = YES;
				CLANG_ANALYZER_NUMBER_OBJECT_CONVERSION = YES_AGGRESSIVE;
				CLANG_CXX_LANGUAGE_STANDARD = "gnu++20";
				CLANG_ENABLE_MODULES = YES;
				CLANG_ENABLE_OBJC_ARC = YES;
				CLANG_ENABLE_OBJC_WEAK = YES;
				CLANG_WARN_BLOCK_CAPTURE_AUTORELEASING = YES;
				CLANG_WARN_BOOL_CONVERSION = YES;
				CLANG_WARN_COMMA = YES;
				CLANG_WARN_CONSTANT_CONVERSION = YES;
				CLANG_WARN_DEPRECATED_OBJC_IMPLEMENTATIONS = YES;
				CLANG_WARN_DIRECT_OBJC_ISA_USAGE = YES_ERROR;
				CLANG_WARN_DOCUMENTATION_COMMENTS = YES;
				CLANG_WARN_EMPTY_BODY = YES;
				CLANG_WARN_ENUM_CONVERSION = YES;
				CLANG_WARN_INFINITE_RECURSION = YES;
				CLANG_WARN_INT_CONVERSION = YES;
				CLANG_WARN_NON_LITERAL_NULL_CONVERSION = YES;
				CLANG_WARN_OBJC_IMPLICIT_RETAIN_SELF = YES;
				CLANG_WARN_OBJC_LITERAL_CONVERSION = YES;
				CLANG_WARN_OBJC_ROOT_CLASS = YES_ERROR;
				CLANG_WARN_QUOTED_INCLUDE_IN_FRAMEWORK_HEADER = YES;
				CLANG_WARN_RANGE_LOOP_ANALYSIS = YES;
				CLANG_WARN_STRICT_PROTOTYPES = YES;
				CLANG_WARN_SUSPICIOUS_MOVE = YES;
				CLANG_WARN_UNGUARDED_AVAILABILITY = YES_AGGRESSIVE;
				CLANG_WARN_UNREACHABLE_CODE = YES;
				CLANG_WARN__DUPLICATE_METHOD_MATCH = YES;
				COPY_PHASE_STRIP = NO;
				DEBUG_INFORMATION_FORMAT = dwarf;
				ENABLE_STRICT_OBJC_MSGSEND = YES;
				ENABLE_TESTABILITY = YES;
				ENABLE_USER_SCRIPT_SANDBOXING = YES;
				GCC_C_LANGUAGE_STANDARD = gnu17;
				GCC_DYNAMIC_NO_PIC = NO;
				GCC_NO_COMMON_BLOCKS = YES;
				GCC_OPTIMIZATION_LEVEL = 0;
				GCC_PREPROCESSOR_DEFINITIONS = (
					"DEBUG=1",
					"$(inherited)",
				);
				GCC_WARN_64_TO_32_BIT_CONVERSION = YES;
				GCC_WARN_ABOUT_RETURN_TYPE = YES_ERROR;
				GCC_WARN_UNDECLARED_SELECTOR = YES;
				GCC_WARN_UNINITIALIZED_AUTOS = YES_AGGRESSIVE;
				GCC_WARN_UNUSED_FUNCTION = YES;
				GCC_WARN_UNUSED_VARIABLE = YES;
				LOCALIZATION_PREFERS_STRING_CATALOGS = YES;
				MACOSX_DEPLOYMENT_TARGET = 14.1;
				MTL_ENABLE_DEBUG_INFO = INCLUDE_SOURCE;
				MTL_FAST_MATH = YES;
				ONLY_ACTIVE_ARCH = YES;
				SDKROOT = macosx;
				SWIFT_ACTIVE_COMPILATION_CONDITIONS = "DEBUG $(inherited)";
				SWIFT_OPTIMIZATION_LEVEL = "-Onone";
			};
			name = Debug;
		};
		CE8CB5652D1FD4EF006B64B5 /* Release */ = {
			isa = XCBuildConfiguration;
			buildSettings = {
				ALWAYS_SEARCH_USER_PATHS = NO;
				ASSETCATALOG_COMPILER_GENERATE_SWIFT_ASSET_SYMBOL_EXTENSIONS = YES;
				CLANG_ANALYZER_NONNULL = YES;
				CLANG_ANALYZER_NUMBER_OBJECT_CONVERSION = YES_AGGRESSIVE;
				CLANG_CXX_LANGUAGE_STANDARD = "gnu++20";
				CLANG_ENABLE_MODULES = YES;
				CLANG_ENABLE_OBJC_ARC = YES;
				CLANG_ENABLE_OBJC_WEAK = YES;
				CLANG_WARN_BLOCK_CAPTURE_AUTORELEASING = YES;
				CLANG_WARN_BOOL_CONVERSION = YES;
				CLANG_WARN_COMMA = YES;
				CLANG_WARN_CONSTANT_CONVERSION = YES;
				CLANG_WARN_DEPRECATED_OBJC_IMPLEMENTATIONS = YES;
				CLANG_WARN_DIRECT_OBJC_ISA_USAGE = YES_ERROR;
				CLANG_WARN_DOCUMENTATION_COMMENTS = YES;
				CLANG_WARN_EMPTY_BODY = YES;
				CLANG_WARN_ENUM_CONVERSION = YES;
				CLANG_WARN_INFINITE_RECURSION = YES;
				CLANG_WARN_INT_CONVERSION = YES;
				CLANG_WARN_NON_LITERAL_NULL_CONVERSION = YES;
				CLANG_WARN_OBJC_IMPLICIT_RETAIN_SELF = YES;
				CLANG_WARN_OBJC_LITERAL_CONVERSION = YES;
				CLANG_WARN_OBJC_ROOT_CLASS = YES_ERROR;
				CLANG_WARN_QUOTED_INCLUDE_IN_FRAMEWORK_HEADER = YES;
				CLANG_WARN_RANGE_LOOP_ANALYSIS = YES;
				CLANG_WARN_STRICT_PROTOTYPES = YES;
				CLANG_WARN_SUSPICIOUS_MOVE = YES;
				CLANG_WARN_UNGUARDED_AVAILABILITY = YES_AGGRESSIVE;
				CLANG_WARN_UNREACHABLE_CODE = YES;
				CLANG_WARN__DUPLICATE_METHOD_MATCH = YES;
				COPY_PHASE_STRIP = NO;
				DEBUG_INFORMATION_FORMAT = "dwarf-with-dsym";
				ENABLE_NS_ASSERTIONS = NO;
				ENABLE_STRICT_OBJC_MSGSEND = YES;
				ENABLE_USER_SCRIPT_SANDBOXING = YES;
				GCC_C_LANGUAGE_STANDARD = gnu17;
				GCC_NO_COMMON_BLOCKS = YES;
				GCC_WARN_64_TO_32_BIT_CONVERSION = YES;
				GCC_WARN_ABOUT_RETURN_TYPE = YES_ERROR;
				GCC_WARN_UNDECLARED_SELECTOR = YES;
				GCC_WARN_UNINITIALIZED_AUTOS = YES_AGGRESSIVE;
				GCC_WARN_UNUSED_FUNCTION = YES;
				GCC_WARN_UNUSED_VARIABLE = YES;
				LOCALIZATION_PREFERS_STRING_CATALOGS = YES;
				MACOSX_DEPLOYMENT_TARGET = 14.1;
				MTL_ENABLE_DEBUG_INFO = NO;
				MTL_FAST_MATH = YES;
				SDKROOT = macosx;
				SWIFT_COMPILATION_MODE = wholemodule;
			};
			name = Release;
		};
		CE8CB5672D1FD4EF006B64B5 /* Debug */ = {
			isa = XCBuildConfiguration;
			buildSettings = {
				CODE_SIGN_STYLE = Automatic;
				DEVELOPMENT_TEAM = PMHHQW4N99;
				ENABLE_HARDENED_RUNTIME = YES;
				PRODUCT_NAME = "$(TARGET_NAME)";
				SWIFT_VERSION = 5.0;
			};
			name = Debug;
		};
		CE8CB5682D1FD4EF006B64B5 /* Release */ = {
			isa = XCBuildConfiguration;
			buildSettings = {
				CODE_SIGN_STYLE = Automatic;
				DEVELOPMENT_TEAM = PMHHQW4N99;
				ENABLE_HARDENED_RUNTIME = YES;
				PRODUCT_NAME = "$(TARGET_NAME)";
				SWIFT_VERSION = 5.0;
			};
			name = Release;
		};
/* End XCBuildConfiguration section */

/* Begin XCConfigurationList section */
		CE8CB55A2D1FD4EF006B64B5 /* Build configuration list for PBXProject "leetcode-algorithms" */ = {
			isa = XCConfigurationList;
			buildConfigurations = (
				CE8CB5642D1FD4EF006B64B5 /* Debug */,
				CE8CB5652D1FD4EF006B64B5 /* Release */,
			);
			defaultConfigurationIsVisible = 0;
			defaultConfigurationName = Release;
		};
		CE8CB5662D1FD4EF006B64B5 /* Build configuration list for PBXNativeTarget "leetcode-algorithms" */ = {
			isa = XCConfigurationList;
			buildConfigurations = (
				CE8CB5672D1FD4EF006B64B5 /* Debug */,
				CE8CB5682D1FD4EF006B64B5 /* Release */,
			);
			defaultConfigurationIsVisible = 0;
			defaultConfigurationName = Release;
		};
/* End XCConfigurationList section */
	};
	rootObject = CE8CB5572D1FD4EF006B64B5 /* Project object */;
}
